
Microsoft Visual Studio Solution File, Format Version 12.00
# Visual Studio 2012
Project("{8BC9CEB8-8B4A-11D0-8D11-00A0C91BC942}") = "InversionsNumber", "InversionsNumber\InversionsNumber.vcxproj", "{2BE8FB02-F40F-439C-A174-194950DD2189}"
EndProject
Global
	GlobalSection(SolutionConfigurationPlatforms) = preSolution
		Debug|Win32 = Debug|Win32
		Release|Win32 = Release|Win32
	EndGlobalSection
	GlobalSection(ProjectConfigurationPlatforms) = postSolution
		{2BE8FB02-F40F-439C-A174-194950DD2189}.Debug|Win32.ActiveCfg = Debug|Win32
		{2BE8FB02-F40F-439C-A174-194950DD2189}.Debug|Win32.Build.0 = Debug|Win32
		{2BE8FB02-F40F-439C-A174-194950DD2189}.Release|Win32.ActiveCfg = Release|Win32
		{2BE8FB02-F40F-439C-A174-194950DD2189}.Release|Win32.Build.0 = Release|Win32
	EndGlobalSection
	GlobalSection(SolutionProperties) = preSolution
		HideSolutionNode = FALSE
	EndGlobalSection
EndGlobal
